
Microsoft Visual Studio Solution File, Format Version 12.00
# Visual Studio Version 17
VisualStudioVersion = 17.9.34607.119
MinimumVisualStudioVersion = 10.0.40219.1
Project("{FAE04EC0-301F-11D3-BF4B-00C04F79EFBC}") = "SpeechRecognision", "SpeechRecognision\SpeechRecognision.csproj", "{66D0B7C7-DFD4-4B9F-9352-8D265A464BFD}"
EndProject
Global
	GlobalSection(SolutionConfigurationPlatforms) = preSolution
		Debug|Any CPU = Debug|Any CPU
		Release|Any CPU = Release|Any CPU
	EndGlobalSection
	GlobalSection(ProjectConfigurationPlatforms) = postSolution
		{66D0B7C7-DFD4-4B9F-9352-8D265A464BFD}.Debug|Any CPU.ActiveCfg = Debug|Any CPU
		{66D0B7C7-DFD4-4B9F-9352-8D265A464BFD}.Debug|Any CPU.Build.0 = Debug|Any CPU
		{66D0B7C7-DFD4-4B9F-9352-8D265A464BFD}.Release|Any CPU.ActiveCfg = Release|Any CPU
		{66D0B7C7-DFD4-4B9F-9352-8D265A464BFD}.Release|Any CPU.Build.0 = Release|Any CPU
	EndGlobalSection
	GlobalSection(SolutionProperties) = preSolution
		HideSolutionNode = FALSE
	EndGlobalSection
	GlobalSection(ExtensibilityGlobals) = postSolution
		SolutionGuid = {8347D0C8-5AAB-45D8-A034-F505467E144D}
	EndGlobalSection
EndGlobal
